
Microsoft Visual Studio Solution File, Format Version 12.00
# Visual Studio 14
VisualStudioVersion = 14.0.24720.0
MinimumVisualStudioVersion = 10.0.40219.1
Project("{FAE04EC0-301F-11D3-BF4B-00C04F79EFBC}") = "StringCalculator_2016_05_25", "StringCalculator_2016_05_25\StringCalculator_2016_05_25.csproj", "{E05C4DAD-136E-42BC-931A-7DEAB864BFE9}"
EndProject
Global
	GlobalSection(SolutionConfigurationPlatforms) = preSolution
		Debug|Any CPU = Debug|Any CPU
		Release|Any CPU = Release|Any CPU
	EndGlobalSection
	GlobalSection(ProjectConfigurationPlatforms) = postSolution
		{E05C4DAD-136E-42BC-931A-7DEAB864BFE9}.Debug|Any CPU.ActiveCfg = Debug|Any CPU
		{E05C4DAD-136E-42BC-931A-7DEAB864BFE9}.Debug|Any CPU.Build.0 = Debug|Any CPU
		{E05C4DAD-136E-42BC-931A-7DEAB864BFE9}.Release|Any CPU.ActiveCfg = Release|Any CPU
		{E05C4DAD-136E-42BC-931A-7DEAB864BFE9}.Release|Any CPU.Build.0 = Release|Any CPU
	EndGlobalSection
	GlobalSection(SolutionProperties) = preSolution
		HideSolutionNode = FALSE
	EndGlobalSection
EndGlobal
