
Microsoft Visual Studio Solution File, Format Version 12.00
# Visual Studio 14
VisualStudioVersion = 14.0.24720.0
MinimumVisualStudioVersion = 10.0.40219.1
Project("{FAE04EC0-301F-11D3-BF4B-00C04F79EFBC}") = "StringCalculator_2016_05_11", "StringCalculator_2016_05_11\StringCalculator_2016_05_11.csproj", "{301A0100-8DB2-4218-902C-D0C90F8858DE}"
EndProject
Global
	GlobalSection(SolutionConfigurationPlatforms) = preSolution
		Debug|Any CPU = Debug|Any CPU
		Release|Any CPU = Release|Any CPU
	EndGlobalSection
	GlobalSection(ProjectConfigurationPlatforms) = postSolution
		{301A0100-8DB2-4218-902C-D0C90F8858DE}.Debug|Any CPU.ActiveCfg = Debug|Any CPU
		{301A0100-8DB2-4218-902C-D0C90F8858DE}.Debug|Any CPU.Build.0 = Debug|Any CPU
		{301A0100-8DB2-4218-902C-D0C90F8858DE}.Release|Any CPU.ActiveCfg = Release|Any CPU
		{301A0100-8DB2-4218-902C-D0C90F8858DE}.Release|Any CPU.Build.0 = Release|Any CPU
	EndGlobalSection
	GlobalSection(SolutionProperties) = preSolution
		HideSolutionNode = FALSE
	EndGlobalSection
EndGlobal
