
Microsoft Visual Studio Solution File, Format Version 12.00
# Visual Studio 14
VisualStudioVersion = 14.0.24720.0
MinimumVisualStudioVersion = 10.0.40219.1
Project("{FAE04EC0-301F-11D3-BF4B-00C04F79EFBC}") = "StringCalculator_2016_05_31", "StringCalculator_2016_05_31\StringCalculator_2016_05_31.csproj", "{C02FD3EB-390D-4B1D-8A6D-B9DBE1D3A71D}"
EndProject
Global
	GlobalSection(SolutionConfigurationPlatforms) = preSolution
		Debug|Any CPU = Debug|Any CPU
		Release|Any CPU = Release|Any CPU
	EndGlobalSection
	GlobalSection(ProjectConfigurationPlatforms) = postSolution
		{C02FD3EB-390D-4B1D-8A6D-B9DBE1D3A71D}.Debug|Any CPU.ActiveCfg = Debug|Any CPU
		{C02FD3EB-390D-4B1D-8A6D-B9DBE1D3A71D}.Debug|Any CPU.Build.0 = Debug|Any CPU
		{C02FD3EB-390D-4B1D-8A6D-B9DBE1D3A71D}.Release|Any CPU.ActiveCfg = Release|Any CPU
		{C02FD3EB-390D-4B1D-8A6D-B9DBE1D3A71D}.Release|Any CPU.Build.0 = Release|Any CPU
	EndGlobalSection
	GlobalSection(SolutionProperties) = preSolution
		HideSolutionNode = FALSE
	EndGlobalSection
EndGlobal
